
Microsoft Visual Studio Solution File, Format Version 12.00
# Visual Studio 15
VisualStudioVersion = 15.0.28307.489
MinimumVisualStudioVersion = 10.0.40219.1
Project("{FAE04EC0-301F-11D3-BF4B-00C04F79EFBC}") = "WordGuessGame", "WordGuessGame\WordGuessGame.csproj", "{59394990-5B0C-48EA-896F-6C61505FC828}"
EndProject
Project("{FAE04EC0-301F-11D3-BF4B-00C04F79EFBC}") = "WordGuessGameTests", "WordGuessGameTests\WordGuessGameTests.csproj", "{2CE88BB7-D0BA-46DF-80AF-FB550A9FEAE9}"
EndProject
Global
	GlobalSection(SolutionConfigurationPlatforms) = preSolution
		Debug|Any CPU = Debug|Any CPU
		Release|Any CPU = Release|Any CPU
	EndGlobalSection
	GlobalSection(ProjectConfigurationPlatforms) = postSolution
		{59394990-5B0C-48EA-896F-6C61505FC828}.Debug|Any CPU.ActiveCfg = Debug|Any CPU
		{59394990-5B0C-48EA-896F-6C61505FC828}.Debug|Any CPU.Build.0 = Debug|Any CPU
		{59394990-5B0C-48EA-896F-6C61505FC828}.Release|Any CPU.ActiveCfg = Release|Any CPU
		{59394990-5B0C-48EA-896F-6C61505FC828}.Release|Any CPU.Build.0 = Release|Any CPU
		{2CE88BB7-D0BA-46DF-80AF-FB550A9FEAE9}.Debug|Any CPU.ActiveCfg = Debug|Any CPU
		{2CE88BB7-D0BA-46DF-80AF-FB550A9FEAE9}.Debug|Any CPU.Build.0 = Debug|Any CPU
		{2CE88BB7-D0BA-46DF-80AF-FB550A9FEAE9}.Release|Any CPU.ActiveCfg = Release|Any CPU
		{2CE88BB7-D0BA-46DF-80AF-FB550A9FEAE9}.Release|Any CPU.Build.0 = Release|Any CPU
	EndGlobalSection
	GlobalSection(SolutionProperties) = preSolution
		HideSolutionNode = FALSE
	EndGlobalSection
	GlobalSection(ExtensibilityGlobals) = postSolution
		SolutionGuid = {299D96BB-B4AB-4AF7-92D7-D9286B1375C4}
	EndGlobalSection
EndGlobal
